
Microsoft Visual Studio Solution File, Format Version 12.00
# Visual Studio Version 17
VisualStudioVersion = 17.3.32811.315
MinimumVisualStudioVersion = 10.0.40219.1
Project("{8BC9CEB8-8B4A-11D0-8D11-00A0C91BC942}") = "Formulario", "Formulario\Formulario.vcxproj", "{A160E29F-A03D-4704-98DC-174935664CE5}"
EndProject
Global
	GlobalSection(SolutionConfigurationPlatforms) = preSolution
		Debug|x64 = Debug|x64
		Debug|x86 = Debug|x86
		Release|x64 = Release|x64
		Release|x86 = Release|x86
	EndGlobalSection
	GlobalSection(ProjectConfigurationPlatforms) = postSolution
		{A160E29F-A03D-4704-98DC-174935664CE5}.Debug|x64.ActiveCfg = Debug|x64
		{A160E29F-A03D-4704-98DC-174935664CE5}.Debug|x64.Build.0 = Debug|x64
		{A160E29F-A03D-4704-98DC-174935664CE5}.Debug|x86.ActiveCfg = Debug|Win32
		{A160E29F-A03D-4704-98DC-174935664CE5}.Debug|x86.Build.0 = Debug|Win32
		{A160E29F-A03D-4704-98DC-174935664CE5}.Release|x64.ActiveCfg = Release|x64
		{A160E29F-A03D-4704-98DC-174935664CE5}.Release|x64.Build.0 = Release|x64
		{A160E29F-A03D-4704-98DC-174935664CE5}.Release|x86.ActiveCfg = Release|Win32
		{A160E29F-A03D-4704-98DC-174935664CE5}.Release|x86.Build.0 = Release|Win32
	EndGlobalSection
	GlobalSection(SolutionProperties) = preSolution
		HideSolutionNode = FALSE
	EndGlobalSection
	GlobalSection(ExtensibilityGlobals) = postSolution
		SolutionGuid = {224D8700-560C-45F9-9FD6-0C0655DA6F4C}
	EndGlobalSection
EndGlobal
